
Microsoft Visual Studio Solution File, Format Version 12.00
# Visual Studio Version 16
VisualStudioVersion = 16.0.34301.259
MinimumVisualStudioVersion = 10.0.40219.1
Project("{FAE04EC0-301F-11D3-BF4B-00C04F79EFBC}") = "250548-MCS", "250548-MCS.csproj", "{4BC4FABF-4A9D-4A38-A5D9-013DF342AD7D}"
EndProject
Global
	GlobalSection(SolutionConfigurationPlatforms) = preSolution
		Debug|Any CPU = Debug|Any CPU
		Debug|Mixed Platforms = Debug|Mixed Platforms
		Debug|x86 = Debug|x86
		Release|Any CPU = Release|Any CPU
		Release|Mixed Platforms = Release|Mixed Platforms
		Release|x86 = Release|x86
	EndGlobalSection
	GlobalSection(ProjectConfigurationPlatforms) = postSolution
		{4BC4FABF-4A9D-4A38-A5D9-013DF342AD7D}.Debug|Any CPU.ActiveCfg = Debug|x86
		{4BC4FABF-4A9D-4A38-A5D9-013DF342AD7D}.Debug|Mixed Platforms.ActiveCfg = Debug|x86
		{4BC4FABF-4A9D-4A38-A5D9-013DF342AD7D}.Debug|Mixed Platforms.Build.0 = Debug|x86
		{4BC4FABF-4A9D-4A38-A5D9-013DF342AD7D}.Debug|x86.ActiveCfg = Debug|x86
		{4BC4FABF-4A9D-4A38-A5D9-013DF342AD7D}.Debug|x86.Build.0 = Debug|x86
		{4BC4FABF-4A9D-4A38-A5D9-013DF342AD7D}.Release|Any CPU.ActiveCfg = Release|x86
		{4BC4FABF-4A9D-4A38-A5D9-013DF342AD7D}.Release|Mixed Platforms.ActiveCfg = Release|x86
		{4BC4FABF-4A9D-4A38-A5D9-013DF342AD7D}.Release|Mixed Platforms.Build.0 = Release|x86
		{4BC4FABF-4A9D-4A38-A5D9-013DF342AD7D}.Release|x86.ActiveCfg = Release|x86
		{4BC4FABF-4A9D-4A38-A5D9-013DF342AD7D}.Release|x86.Build.0 = Release|x86
	EndGlobalSection
	GlobalSection(SolutionProperties) = preSolution
		HideSolutionNode = FALSE
	EndGlobalSection
	GlobalSection(ExtensibilityGlobals) = postSolution
		SolutionGuid = {79C05F5A-9AE9-4A51-A299-F9BDFFFDB51C}
	EndGlobalSection
EndGlobal
